// !$*UTF8*$!
{
	archiveVersion = 1;
	classes = {
	};
	objectVersion = 52;
	objects = {

/* Begin PBXBuildFile section */
		154F299326BFAAB600C8F46F /* fcl-min.js in Resources */ = {isa = PBXBuildFile; fileRef = 154F299226BFAAB600C8F46F /* fcl-min.js */; };
		154F299526BFC58400C8F46F /* ViewModel.swift in Sources */ = {isa = PBXBuildFile; fileRef = 154F299426BFC58400C8F46F /* ViewModel.swift */; };
		1565FC9026BAC80000239344 /* JSCoreManager.swift in Sources */ = {isa = PBXBuildFile; fileRef = 1565FC8F26BAC80000239344 /* JSCoreManager.swift */; };
		156D3D7626B171050067122F /* FCLDemoApp.swift in Sources */ = {isa = PBXBuildFile; fileRef = 156D3D7526B171050067122F /* FCLDemoApp.swift */; };
		156D3D7826B171050067122F /* ContentView.swift in Sources */ = {isa = PBXBuildFile; fileRef = 156D3D7726B171050067122F /* ContentView.swift */; };
		156D3D7A26B171070067122F /* Assets.xcassets in Resources */ = {isa = PBXBuildFile; fileRef = 156D3D7926B171070067122F /* Assets.xcassets */; };
		156D3D7D26B171070067122F /* Preview Assets.xcassets in Resources */ = {isa = PBXBuildFile; fileRef = 156D3D7C26B171070067122F /* Preview Assets.xcassets */; };
		156D3D8526B171220067122F /* WebView.swift in Sources */ = {isa = PBXBuildFile; fileRef = 156D3D8426B171220067122F /* WebView.swift */; };
		158B66B726BE5EB5005C73DE /* index.html in Resources */ = {isa = PBXBuildFile; fileRef = 158B66B626BE5EB4005C73DE /* index.html */; };
		158B66BA26BE6843005C73DE /* Swifter in Frameworks */ = {isa = PBXBuildFile; productRef = 158B66B926BE6843005C73DE /* Swifter */; };
/* End PBXBuildFile section */

/* Begin PBXFileReference section */
		154F299226BFAAB600C8F46F /* fcl-min.js */ = {isa = PBXFileReference; fileEncoding = 4; lastKnownFileType = sourcecode.javascript; name = "fcl-min.js"; path = "../../src/fcl-min.js"; sourceTree = "<group>"; };
		154F299426BFC58400C8F46F /* ViewModel.swift */ = {isa = PBXFileReference; lastKnownFileType = sourcecode.swift; path = ViewModel.swift; sourceTree = "<group>"; };
		1565FC8F26BAC80000239344 /* JSCoreManager.swift */ = {isa = PBXFileReference; lastKnownFileType = sourcecode.swift; path = JSCoreManager.swift; sourceTree = "<group>"; };
		156D3D7226B171050067122F /* FCLDemo.app */ = {isa = PBXFileReference; explicitFileType = wrapper.application; includeInIndex = 0; path = FCLDemo.app; sourceTree = BUILT_PRODUCTS_DIR; };
		156D3D7526B171050067122F /* FCLDemoApp.swift */ = {isa = PBXFileReference; lastKnownFileType = sourcecode.swift; path = FCLDemoApp.swift; sourceTree = "<group>"; };
		156D3D7726B171050067122F /* ContentView.swift */ = {isa = PBXFileReference; lastKnownFileType = sourcecode.swift; path = ContentView.swift; sourceTree = "<group>"; };
		156D3D7926B171070067122F /* Assets.xcassets */ = {isa = PBXFileReference; lastKnownFileType = folder.assetcatalog; path = Assets.xcassets; sourceTree = "<group>"; };
		156D3D7C26B171070067122F /* Preview Assets.xcassets */ = {isa = PBXFileReference; lastKnownFileType = folder.assetcatalog; path = "Preview Assets.xcassets"; sourceTree = "<group>"; };
		156D3D7E26B171070067122F /* Info.plist */ = {isa = PBXFileReference; lastKnownFileType = text.plist.xml; path = Info.plist; sourceTree = "<group>"; };
		156D3D8426B171220067122F /* WebView.swift */ = {isa = PBXFileReference; lastKnownFileType = sourcecode.swift; path = WebView.swift; sourceTree = "<group>"; };
		158B66B626BE5EB4005C73DE /* index.html */ = {isa = PBXFileReference; lastKnownFileType = text.html; path = index.html; sourceTree = "<group>"; };
/* End PBXFileReference section */

/* Begin PBXFrameworksBuildPhase section */
		156D3D6F26B171050067122F /* Frameworks */ = {
			isa = PBXFrameworksBuildPhase;
			buildActionMask = 2147483647;
			files = (
				158B66BA26BE6843005C73DE /* Swifter in Frameworks */,
			);
			runOnlyForDeploymentPostprocessing = 0;
		};
/* End PBXFrameworksBuildPhase section */

/* Begin PBXGroup section */
		156D3D6926B171050067122F = {
			isa = PBXGroup;
			children = (
				156D3D7426B171050067122F /* FCLDemo */,
				156D3D7326B171050067122F /* Products */,
			);
			sourceTree = "<group>";
		};
		156D3D7326B171050067122F /* Products */ = {
			isa = PBXGroup;
			children = (
				156D3D7226B171050067122F /* FCLDemo.app */,
			);
			name = Products;
			sourceTree = "<group>";
		};
		156D3D7426B171050067122F /* FCLDemo */ = {
			isa = PBXGroup;
			children = (
				154F299226BFAAB600C8F46F /* fcl-min.js */,
				156D3D7526B171050067122F /* FCLDemoApp.swift */,
				156D3D7726B171050067122F /* ContentView.swift */,
				156D3D7926B171070067122F /* Assets.xcassets */,
				156D3D7E26B171070067122F /* Info.plist */,
				156D3D7B26B171070067122F /* Preview Content */,
				156D3D8426B171220067122F /* WebView.swift */,
				1565FC8F26BAC80000239344 /* JSCoreManager.swift */,
				154F299426BFC58400C8F46F /* ViewModel.swift */,
				158B66B626BE5EB4005C73DE /* index.html */,
			);
			path = FCLDemo;
			sourceTree = "<group>";
		};
		156D3D7B26B171070067122F /* Preview Content */ = {
			isa = PBXGroup;
			children = (
				156D3D7C26B171070067122F /* Preview Assets.xcassets */,
			);
			path = "Preview Content";
			sourceTree = "<group>";
		};
/* End PBXGroup section */

/* Begin PBXNativeTarget section */
		156D3D7126B171050067122F /* FCLDemo */ = {
			isa = PBXNativeTarget;
			buildConfigurationList = 156D3D8126B171070067122F /* Build configuration list for PBXNativeTarget "FCLDemo" */;
			buildPhases = (
				156D3D6E26B171050067122F /* Sources */,
				156D3D6F26B171050067122F /* Frameworks */,
				156D3D7026B171050067122F /* Resources */,
				156D3D8626B171EF0067122F /* ShellScript */,
			);
			buildRules = (
			);
			dependencies = (
			);
			name = FCLDemo;
			packageProductDependencies = (
				158B66B926BE6843005C73DE /* Swifter */,
			);
			productName = FCLDemo;
			productReference = 156D3D7226B171050067122F /* FCLDemo.app */;
			productType = "com.apple.product-type.application";
		};
/* End PBXNativeTarget section */

/* Begin PBXProject section */
		156D3D6A26B171050067122F /* Project object */ = {
			isa = PBXProject;
			attributes = {
				LastSwiftUpdateCheck = 1250;
				LastUpgradeCheck = 1250;
				TargetAttributes = {
					156D3D7126B171050067122F = {
						CreatedOnToolsVersion = 12.5.1;
					};
				};
			};
			buildConfigurationList = 156D3D6D26B171050067122F /* Build configuration list for PBXProject "FCLDemo" */;
			compatibilityVersion = "Xcode 9.3";
			developmentRegion = en;
			hasScannedForEncodings = 0;
			knownRegions = (
				en,
				Base,
			);
			mainGroup = 156D3D6926B171050067122F;
			packageReferences = (
				158B66B826BE6843005C73DE /* XCRemoteSwiftPackageReference "swifter" */,
			);
			productRefGroup = 156D3D7326B171050067122F /* Products */;
			projectDirPath = "";
			projectRoot = "";
			targets = (
				156D3D7126B171050067122F /* FCLDemo */,
			);
		};
/* End PBXProject section */

/* Begin PBXResourcesBuildPhase section */
		156D3D7026B171050067122F /* Resources */ = {
			isa = PBXResourcesBuildPhase;
			buildActionMask = 2147483647;
			files = (
				156D3D7D26B171070067122F /* Preview Assets.xcassets in Resources */,
				158B66B726BE5EB5005C73DE /* index.html in Resources */,
				156D3D7A26B171070067122F /* Assets.xcassets in Resources */,
				154F299326BFAAB600C8F46F /* fcl-min.js in Resources */,
			);
			runOnlyForDeploymentPostprocessing = 0;
		};
/* End PBXResourcesBuildPhase section */

/* Begin PBXShellScriptBuildPhase section */
		156D3D8626B171EF0067122F /* ShellScript */ = {
			isa = PBXShellScriptBuildPhase;
			buildActionMask = 2147483647;
			files = (
			);
			inputFileListPaths = (
			);
			inputPaths = (
			);
			outputFileListPaths = (
			);
			outputPaths = (
			);
			runOnlyForDeploymentPostprocessing = 0;
			shellPath = /bin/sh;
			shellScript = "# Type a script or drag a script file from your workspace to insert its path.\nswiftformat .\n";
		};
/* End PBXShellScriptBuildPhase section */

/* Begin PBXSourcesBuildPhase section */
		156D3D6E26B171050067122F /* Sources */ = {
			isa = PBXSourcesBuildPhase;
			buildActionMask = 2147483647;
			files = (
				156D3D8526B171220067122F /* WebView.swift in Sources */,
				156D3D7826B171050067122F /* ContentView.swift in Sources */,
				1565FC9026BAC80000239344 /* JSCoreManager.swift in Sources */,
				156D3D7626B171050067122F /* FCLDemoApp.swift in Sources */,
				154F299526BFC58400C8F46F /* ViewModel.swift in Sources */,
			);
			runOnlyForDeploymentPostprocessing = 0;
		};
/* End PBXSourcesBuildPhase section */

/* Begin XCBuildConfiguration section */
		156D3D7F26B171070067122F /* Debug */ = {
			isa = XCBuildConfiguration;
			buildSettings = {
				ALWAYS_SEARCH_USER_PATHS = NO;
				CLANG_ANALYZER_NONNULL = YES;
				CLANG_ANALYZER_NUMBER_OBJECT_CONVERSION = YES_AGGRESSIVE;
				CLANG_CXX_LANGUAGE_STANDARD = "gnu++14";
				CLANG_CXX_LIBRARY = "libc++";
				CLANG_ENABLE_MODULES = YES;
				CLANG_ENABLE_OBJC_ARC = YES;
				CLANG_ENABLE_OBJC_WEAK = YES;
				CLANG_WARN_BLOCK_CAPTURE_AUTORELEASING = YES;
				CLANG_WARN_BOOL_CONVERSION = YES;
				CLANG_WARN_COMMA = YES;
				CLANG_WARN_CONSTANT_CONVERSION = YES;
				CLANG_WARN_DEPRECATED_OBJC_IMPLEMENTATIONS = YES;
				CLANG_WARN_DIRECT_OBJC_ISA_USAGE = YES_ERROR;
				CLANG_WARN_DOCUMENTATION_COMMENTS = YES;
				CLANG_WARN_EMPTY_BODY = YES;
				CLANG_WARN_ENUM_CONVERSION = YES;
				CLANG_WARN_INFINITE_RECURSION = YES;
				CLANG_WARN_INT_CONVERSION = YES;
				CLANG_WARN_NON_LITERAL_NULL_CONVERSION = YES;
				CLANG_WARN_OBJC_IMPLICIT_RETAIN_SELF = YES;
				CLANG_WARN_OBJC_LITERAL_CONVERSION = YES;
				CLANG_WARN_OBJC_ROOT_CLASS = YES_ERROR;
				CLANG_WARN_QUOTED_INCLUDE_IN_FRAMEWORK_HEADER = YES;
				CLANG_WARN_RANGE_LOOP_ANALYSIS = YES;
				CLANG_WARN_STRICT_PROTOTYPES = YES;
				CLANG_WARN_SUSPICIOUS_MOVE = YES;
				CLANG_WARN_UNGUARDED_AVAILABILITY = YES_AGGRESSIVE;
				CLANG_WARN_UNREACHABLE_CODE = YES;
				CLANG_WARN__DUPLICATE_METHOD_MATCH = YES;
				COPY_PHASE_STRIP = NO;
				DEBUG_INFORMATION_FORMAT = dwarf;
				ENABLE_STRICT_OBJC_MSGSEND = YES;
				ENABLE_TESTABILITY = YES;
				GCC_C_LANGUAGE_STANDARD = gnu11;
				GCC_DYNAMIC_NO_PIC = NO;
				GCC_NO_COMMON_BLOCKS = YES;
				GCC_OPTIMIZATION_LEVEL = 0;
				GCC_PREPROCESSOR_DEFINITIONS = (
					"DEBUG=1",
					"$(inherited)",
				);
				GCC_WARN_64_TO_32_BIT_CONVERSION = YES;
				GCC_WARN_ABOUT_RETURN_TYPE = YES_ERROR;
				GCC_WARN_UNDECLARED_SELECTOR = YES;
				GCC_WARN_UNINITIALIZED_AUTOS = YES_AGGRESSIVE;
				GCC_WARN_UNUSED_FUNCTION = YES;
				GCC_WARN_UNUSED_VARIABLE = YES;
				IPHONEOS_DEPLOYMENT_TARGET = 14.5;
				MTL_ENABLE_DEBUG_INFO = INCLUDE_SOURCE;
				MTL_FAST_MATH = YES;
				ONLY_ACTIVE_ARCH = YES;
				SDKROOT = iphoneos;
				SWIFT_ACTIVE_COMPILATION_CONDITIONS = DEBUG;
				SWIFT_OPTIMIZATION_LEVEL = "-Onone";
			};
			name = Debug;
		};
		156D3D8026B171070067122F /* Release */ = {
			isa = XCBuildConfiguration;
			buildSettings = {
				ALWAYS_SEARCH_USER_PATHS = NO;
				CLANG_ANALYZER_NONNULL = YES;
				CLANG_ANALYZER_NUMBER_OBJECT_CONVERSION = YES_AGGRESSIVE;
				CLANG_CXX_LANGUAGE_STANDARD = "gnu++14";
				CLANG_CXX_LIBRARY = "libc++";
				CLANG_ENABLE_MODULES = YES;
				CLANG_ENABLE_OBJC_ARC = YES;
				CLANG_ENABLE_OBJC_WEAK = YES;
				CLANG_WARN_BLOCK_CAPTURE_AUTORELEASING = YES;
				CLANG_WARN_BOOL_CONVERSION = YES;
				CLANG_WARN_COMMA = YES;
				CLANG_WARN_CONSTANT_CONVERSION = YES;
				CLANG_WARN_DEPRECATED_OBJC_IMPLEMENTATIONS = YES;
				CLANG_WARN_DIRECT_OBJC_ISA_USAGE = YES_ERROR;
				CLANG_WARN_DOCUMENTATION_COMMENTS = YES;
				CLANG_WARN_EMPTY_BODY = YES;
				CLANG_WARN_ENUM_CONVERSION = YES;
				CLANG_WARN_INFINITE_RECURSION = YES;
				CLANG_WARN_INT_CONVERSION = YES;
				CLANG_WARN_NON_LITERAL_NULL_CONVERSION = YES;
				CLANG_WARN_OBJC_IMPLICIT_RETAIN_SELF = YES;
				CLANG_WARN_OBJC_LITERAL_CONVERSION = YES;
				CLANG_WARN_OBJC_ROOT_CLASS = YES_ERROR;
				CLANG_WARN_QUOTED_INCLUDE_IN_FRAMEWORK_HEADER = YES;
				CLANG_WARN_RANGE_LOOP_ANALYSIS = YES;
				CLANG_WARN_STRICT_PROTOTYPES = YES;
				CLANG_WARN_SUSPICIOUS_MOVE = YES;
				CLANG_WARN_UNGUARDED_AVAILABILITY = YES_AGGRESSIVE;
				CLANG_WARN_UNREACHABLE_CODE = YES;
				CLANG_WARN__DUPLICATE_METHOD_MATCH = YES;
				COPY_PHASE_STRIP = NO;
				DEBUG_INFORMATION_FORMAT = "dwarf-with-dsym";
				ENABLE_NS_ASSERTIONS = NO;
				ENABLE_STRICT_OBJC_MSGSEND = YES;
				GCC_C_LANGUAGE_STANDARD = gnu11;
				GCC_NO_COMMON_BLOCKS = YES;
				GCC_WARN_64_TO_32_BIT_CONVERSION = YES;
				GCC_WARN_ABOUT_RETURN_TYPE = YES_ERROR;
				GCC_WARN_UNDECLARED_SELECTOR = YES;
				GCC_WARN_UNINITIALIZED_AUTOS = YES_AGGRESSIVE;
				GCC_WARN_UNUSED_FUNCTION = YES;
				GCC_WARN_UNUSED_VARIABLE = YES;
				IPHONEOS_DEPLOYMENT_TARGET = 14.5;
				MTL_ENABLE_DEBUG_INFO = NO;
				MTL_FAST_MATH = YES;
				SDKROOT = iphoneos;
				SWIFT_COMPILATION_MODE = wholemodule;
				SWIFT_OPTIMIZATION_LEVEL = "-O";
				VALIDATE_PRODUCT = YES;
			};
			name = Release;
		};
		156D3D8226B171070067122F /* Debug */ = {
			isa = XCBuildConfiguration;
			buildSettings = {
				ASSETCATALOG_COMPILER_APPICON_NAME = AppIcon;
				ASSETCATALOG_COMPILER_GLOBAL_ACCENT_COLOR_NAME = AccentColor;
				CODE_SIGN_STYLE = Automatic;
				DEVELOPMENT_ASSET_PATHS = "\"FCLDemo/Preview Content\"";
				DEVELOPMENT_TEAM = 48TPT4QN6K;
				ENABLE_PREVIEWS = YES;
				INFOPLIST_FILE = FCLDemo/Info.plist;
				IPHONEOS_DEPLOYMENT_TARGET = 14.0;
				LD_RUNPATH_SEARCH_PATHS = (
					"$(inherited)",
					"@executable_path/Frameworks",
				);
				PRODUCT_BUNDLE_IDENTIFIER = io.zed.fcl.demo.FCLDemo;
				PRODUCT_NAME = "$(TARGET_NAME)";
				SWIFT_VERSION = 5.0;
				TARGETED_DEVICE_FAMILY = "1,2";
			};
			name = Debug;
		};
		156D3D8326B171070067122F /* Release */ = {
			isa = XCBuildConfiguration;
			buildSettings = {
				ASSETCATALOG_COMPILER_APPICON_NAME = AppIcon;
				ASSETCATALOG_COMPILER_GLOBAL_ACCENT_COLOR_NAME = AccentColor;
				CODE_SIGN_STYLE = Automatic;
				DEVELOPMENT_ASSET_PATHS = "\"FCLDemo/Preview Content\"";
				DEVELOPMENT_TEAM = 48TPT4QN6K;
				ENABLE_PREVIEWS = YES;
				INFOPLIST_FILE = FCLDemo/Info.plist;
				IPHONEOS_DEPLOYMENT_TARGET = 14.0;
				LD_RUNPATH_SEARCH_PATHS = (
					"$(inherited)",
					"@executable_path/Frameworks",
				);
				PRODUCT_BUNDLE_IDENTIFIER = io.zed.fcl.demo.FCLDemo;
				PRODUCT_NAME = "$(TARGET_NAME)";
				SWIFT_VERSION = 5.0;
				TARGETED_DEVICE_FAMILY = "1,2";
			};
			name = Release;
		};
/* End XCBuildConfiguration section */

/* Begin XCConfigurationList section */
		156D3D6D26B171050067122F /* Build configuration list for PBXProject "FCLDemo" */ = {
			isa = XCConfigurationList;
			buildConfigurations = (
				156D3D7F26B171070067122F /* Debug */,
				156D3D8026B171070067122F /* Release */,
			);
			defaultConfigurationIsVisible = 0;
			defaultConfigurationName = Release;
		};
		156D3D8126B171070067122F /* Build configuration list for PBXNativeTarget "FCLDemo" */ = {
			isa = XCConfigurationList;
			buildConfigurations = (
				156D3D8226B171070067122F /* Debug */,
				156D3D8326B171070067122F /* Release */,
			);
			defaultConfigurationIsVisible = 0;
			defaultConfigurationName = Release;
		};
/* End XCConfigurationList section */

/* Begin XCRemoteSwiftPackageReference section */
		158B66B826BE6843005C73DE /* XCRemoteSwiftPackageReference "swifter" */ = {
			isa = XCRemoteSwiftPackageReference;
			repositoryURL = "https://github.com/httpswift/swifter.git";
			requirement = {
				kind = upToNextMajorVersion;
				minimumVersion = 1.5.0;
			};
		};
/* End XCRemoteSwiftPackageReference section */

/* Begin XCSwiftPackageProductDependency section */
		158B66B926BE6843005C73DE /* Swifter */ = {
			isa = XCSwiftPackageProductDependency;
			package = 158B66B826BE6843005C73DE /* XCRemoteSwiftPackageReference "swifter" */;
			productName = Swifter;
		};
/* End XCSwiftPackageProductDependency section */
	};
	rootObject = 156D3D6A26B171050067122F /* Project object */;
}
